
Microsoft Visual Studio Solution File, Format Version 12.00
# Visual Studio 14
VisualStudioVersion = 14.0.25123.0
MinimumVisualStudioVersion = 10.0.40219.1
Project("{FAE04EC0-301F-11D3-BF4B-00C04F79EFBC}") = "TestTentaMVC", "TestTentaMVC\TestTentaMVC.csproj", "{C094A7DC-73C7-4230-9F25-B53E6F9485B6}"
EndProject
Project("{FAE04EC0-301F-11D3-BF4B-00C04F79EFBC}") = "TestTentaMVCTests", "TestTentaMVCTests\TestTentaMVCTests.csproj", "{65EEF194-B9E1-443A-AC96-6E70E8A6C84C}"
EndProject
Global
	GlobalSection(SolutionConfigurationPlatforms) = preSolution
		Debug|Any CPU = Debug|Any CPU
		Release|Any CPU = Release|Any CPU
	EndGlobalSection
	GlobalSection(ProjectConfigurationPlatforms) = postSolution
		{C094A7DC-73C7-4230-9F25-B53E6F9485B6}.Debug|Any CPU.ActiveCfg = Debug|Any CPU
		{C094A7DC-73C7-4230-9F25-B53E6F9485B6}.Debug|Any CPU.Build.0 = Debug|Any CPU
		{C094A7DC-73C7-4230-9F25-B53E6F9485B6}.Release|Any CPU.ActiveCfg = Release|Any CPU
		{C094A7DC-73C7-4230-9F25-B53E6F9485B6}.Release|Any CPU.Build.0 = Release|Any CPU
		{65EEF194-B9E1-443A-AC96-6E70E8A6C84C}.Debug|Any CPU.ActiveCfg = Debug|Any CPU
		{65EEF194-B9E1-443A-AC96-6E70E8A6C84C}.Debug|Any CPU.Build.0 = Debug|Any CPU
		{65EEF194-B9E1-443A-AC96-6E70E8A6C84C}.Release|Any CPU.ActiveCfg = Release|Any CPU
		{65EEF194-B9E1-443A-AC96-6E70E8A6C84C}.Release|Any CPU.Build.0 = Release|Any CPU
	EndGlobalSection
	GlobalSection(SolutionProperties) = preSolution
		HideSolutionNode = FALSE
	EndGlobalSection
EndGlobal
